
Microsoft Visual Studio Solution File, Format Version 12.00
# Visual Studio 2017
Project("{FAE04EC0-301F-11D3-BF4B-00C04F79EFBC}") = "rocketarena.Plugins", "rocketarena.Plugins.csproj", "{31284287-D9F4-6808-2091-C789D9B591BE}"
EndProject
Project("{FAE04EC0-301F-11D3-BF4B-00C04F79EFBC}") = "rocketarena", "rocketarena.csproj", "{359DEA8B-78A8-B1CD-FD03-43F0FCF7D3D7}"
EndProject
Project("{FAE04EC0-301F-11D3-BF4B-00C04F79EFBC}") = "rocketarena.Editor.Plugins", "rocketarena.Editor.Plugins.csproj", "{91B52FB8-F869-60EE-E2CD-3DB636B1CACF}"
EndProject
Global
	GlobalSection(SolutionConfigurationPlatforms) = preSolution
		Debug|Any CPU = Debug|Any CPU
		Release|Any CPU = Release|Any CPU
	EndGlobalSection
	GlobalSection(ProjectConfigurationPlatforms) = postSolution
		{31284287-D9F4-6808-2091-C789D9B591BE}.Debug|Any CPU.ActiveCfg = Debug|Any CPU
		{31284287-D9F4-6808-2091-C789D9B591BE}.Debug|Any CPU.Build.0 = Debug|Any CPU
		{31284287-D9F4-6808-2091-C789D9B591BE}.Release|Any CPU.ActiveCfg = Release|Any CPU
		{31284287-D9F4-6808-2091-C789D9B591BE}.Release|Any CPU.Build.0 = Release|Any CPU
		{359DEA8B-78A8-B1CD-FD03-43F0FCF7D3D7}.Debug|Any CPU.ActiveCfg = Debug|Any CPU
		{359DEA8B-78A8-B1CD-FD03-43F0FCF7D3D7}.Debug|Any CPU.Build.0 = Debug|Any CPU
		{359DEA8B-78A8-B1CD-FD03-43F0FCF7D3D7}.Release|Any CPU.ActiveCfg = Release|Any CPU
		{359DEA8B-78A8-B1CD-FD03-43F0FCF7D3D7}.Release|Any CPU.Build.0 = Release|Any CPU
		{91B52FB8-F869-60EE-E2CD-3DB636B1CACF}.Debug|Any CPU.ActiveCfg = Debug|Any CPU
		{91B52FB8-F869-60EE-E2CD-3DB636B1CACF}.Debug|Any CPU.Build.0 = Debug|Any CPU
		{91B52FB8-F869-60EE-E2CD-3DB636B1CACF}.Release|Any CPU.ActiveCfg = Release|Any CPU
		{91B52FB8-F869-60EE-E2CD-3DB636B1CACF}.Release|Any CPU.Build.0 = Release|Any CPU
	EndGlobalSection
	GlobalSection(SolutionProperties) = preSolution
		HideSolutionNode = FALSE
	EndGlobalSection
EndGlobal
